<Solution>
  <Folder Name="/Items/">
    <File Path=".gitattributes" />
    <File Path=".gitignore" />
    <File Path="Directory.Build.props" />
    <File Path="global.json" />
    <File Path="LICENSE.txt" />
    <File Path="ShutdownMSBuild.cmd" />
  </Folder>
  <Folder Name="/Nebulae.Presentation/">
    <Project Path="src/Nebulae.Presentation.Graphics.Vulkan/Nebulae.Presentation.Graphics.Vulkan.csproj" Id="d06696aa-3b2e-487c-beab-599e3b994370" />
    <Project Path="src/Nebulae.Presentation.Platform.Desktop/Nebulae.Presentation.Platform.Desktop.csproj" Id="ab884039-960d-49c9-a4d5-2a37fe9dae3e" />
    <Project Path="src/Nebulae.Presentation.UI/Nebulae.Presentation.UI.csproj" Id="f8df05de-bf07-4e7e-8a72-ecdcdba6dc9b" />
    <Project Path="src/Nebulae.Presentation/Nebulae.Presentation.csproj" Id="46dcca0d-5f55-4c8d-b98a-dddec4d9b016" />
  </Folder>
  <Folder Name="/Nebulae.Runtime.Emit.Inline/">
    <Project Path="src/Nebulae.Runtime.Emit.Inline.Analyzers/Nebulae.Runtime.Emit.Inline.Analyzers.csproj" />
    <Project Path="src/Nebulae.Runtime.Emit.Inline.MSBuild/Nebulae.Runtime.Emit.Inline.MSBuild.csproj" Id="c0526c27-4843-4c2c-958f-ba2467b1b6c6" />
    <Project Path="src/Nebulae.Runtime.Emit.Inline/Nebulae.Runtime.Emit.Inline.csproj" Id="b7fe1e81-d47b-4133-8212-8dd0694fba74" />
  </Folder>
  <Folder Name="/Nebulae/">
    <Project Path="src/Nebulae.Collections/Nebulae.Collections.csproj" Id="d497409e-235a-4879-9106-857de0734034" />
    <Project Path="src/Nebulae.Diagnostics/Nebulae.Diagnostics.csproj" Id="80b6af9e-bb37-42ac-a66f-4de70c5e68c4" />
    <Project Path="src/Nebulae.Lifetime.WeakEvents/Nebulae.Lifetime.WeakEvents.csproj" Id="cbcb58d6-4548-465b-8d45-7d9114b70915" />
    <Project Path="src/Nebulae.Lifetime/Nebulae.Lifetime.csproj" Id="9ea9d5db-795e-469b-a2ae-80db2a19851b" />
    <Project Path="src/Nebulae.Reflection/Nebulae.Reflection.csproj" />
  </Folder>
  <Folder Name="/System/">
    <Project Path="src/System.Diagnostics.CodeAnalysis/System.Diagnostics.CodeAnalysis.shproj" Id="d71f5434-02e8-4044-a316-57f6a0cbe7ab" />
    <Project Path="src/System.Runtime.CompilerServices/System.Runtime.CompilerServices.shproj" Id="76a8a65b-f363-4f15-9e31-6c294eefd4d4" />
  </Folder>
  <Folder Name="/Tests/">
    <Project Path="src/Tests/Tests.Collections/Tests.Collections.csproj" />
    <Project Path="src/Tests/Tests.Demo/Tests.Demo.csproj" Id="14b9dfb2-4866-4bc3-b2dc-0316b4508b25" />
    <Project Path="src/Tests/Tests.Lifetime.WeakEvents/Tests.Lifetime.WeakEvents.csproj" />
    <Project Path="src/Tests/Tests.Reflection/Tests.Reflection.csproj" />
    <Project Path="src/Tests/Tests.Runtime.Emit.Inline.Analyzers/Tests.Runtime.Emit.Inline.Analyzers.csproj" />
    <Project Path="src/Tests/Tests.Runtime.Emit.Inline.Infrastructure/Tests.Runtime.Emit.Inline.Infrastructure.csproj" />
    <Project Path="src/Tests/Tests.Runtime.Emit.Inline.Package/Tests.Runtime.Emit.Inline.Package.csproj" />
    <Project Path="src/Tests/Tests.Runtime.Emit.Inline.Rewriter/Tests.Runtime.Emit.Inline.Rewriter.csproj" />
  </Folder>
</Solution>
